
Microsoft Visual Studio Solution File, Format Version 12.00
# Visual Studio 14
VisualStudioVersion = 14.0.25420.1
MinimumVisualStudioVersion = 10.0.40219.1
Project("{FAE04EC0-301F-11D3-BF4B-00C04F79EFBC}") = "TP_lb3_Mass", "TP_lb3_Mass\TP_lb3_Mass.csproj", "{7C71AB4F-586B-48B7-905D-66F3B38BF754}"
EndProject
Project("{FAE04EC0-301F-11D3-BF4B-00C04F79EFBC}") = "ClassOper", "ClassOper\ClassOper.csproj", "{FD63F618-C7A1-41EC-8BC5-31BC4E1670E5}"
EndProject
Project("{FAE04EC0-301F-11D3-BF4B-00C04F79EFBC}") = "ClassOperTests1", "ClassOperTests1\ClassOperTests1.csproj", "{7330C0AD-9B38-4C81-92CB-9CACA5FA4FA0}"
EndProject
Global
	GlobalSection(SolutionConfigurationPlatforms) = preSolution
		Debug|Any CPU = Debug|Any CPU
		Release|Any CPU = Release|Any CPU
	EndGlobalSection
	GlobalSection(ProjectConfigurationPlatforms) = postSolution
		{7C71AB4F-586B-48B7-905D-66F3B38BF754}.Debug|Any CPU.ActiveCfg = Debug|Any CPU
		{7C71AB4F-586B-48B7-905D-66F3B38BF754}.Debug|Any CPU.Build.0 = Debug|Any CPU
		{7C71AB4F-586B-48B7-905D-66F3B38BF754}.Release|Any CPU.ActiveCfg = Release|Any CPU
		{7C71AB4F-586B-48B7-905D-66F3B38BF754}.Release|Any CPU.Build.0 = Release|Any CPU
		{FD63F618-C7A1-41EC-8BC5-31BC4E1670E5}.Debug|Any CPU.ActiveCfg = Debug|Any CPU
		{FD63F618-C7A1-41EC-8BC5-31BC4E1670E5}.Debug|Any CPU.Build.0 = Debug|Any CPU
		{FD63F618-C7A1-41EC-8BC5-31BC4E1670E5}.Release|Any CPU.ActiveCfg = Release|Any CPU
		{FD63F618-C7A1-41EC-8BC5-31BC4E1670E5}.Release|Any CPU.Build.0 = Release|Any CPU
		{7330C0AD-9B38-4C81-92CB-9CACA5FA4FA0}.Debug|Any CPU.ActiveCfg = Debug|Any CPU
		{7330C0AD-9B38-4C81-92CB-9CACA5FA4FA0}.Debug|Any CPU.Build.0 = Debug|Any CPU
		{7330C0AD-9B38-4C81-92CB-9CACA5FA4FA0}.Release|Any CPU.ActiveCfg = Release|Any CPU
		{7330C0AD-9B38-4C81-92CB-9CACA5FA4FA0}.Release|Any CPU.Build.0 = Release|Any CPU
	EndGlobalSection
	GlobalSection(SolutionProperties) = preSolution
		HideSolutionNode = FALSE
	EndGlobalSection
EndGlobal
