
Microsoft Visual Studio Solution File, Format Version 12.00
# Visual Studio 15
VisualStudioVersion = 15.0.27428.2002
MinimumVisualStudioVersion = 10.0.40219.1
Project("{FAE04EC0-301F-11D3-BF4B-00C04F79EFBC}") = "lab5_TP", "lab5_TP.csproj", "{5ECD92E1-C5DB-42A4-AD94-880D9305D62F}"
EndProject
Project("{FAE04EC0-301F-11D3-BF4B-00C04F79EFBC}") = "lab5_TPTests", "..\lab5_TPTests\lab5_TPTests.csproj", "{0907A737-DAFA-46CE-AFDB-85F52D3DFC77}"
EndProject
Global
	GlobalSection(SolutionConfigurationPlatforms) = preSolution
		Debug|Any CPU = Debug|Any CPU
		Release|Any CPU = Release|Any CPU
	EndGlobalSection
	GlobalSection(ProjectConfigurationPlatforms) = postSolution
		{5ECD92E1-C5DB-42A4-AD94-880D9305D62F}.Debug|Any CPU.ActiveCfg = Debug|Any CPU
		{5ECD92E1-C5DB-42A4-AD94-880D9305D62F}.Debug|Any CPU.Build.0 = Debug|Any CPU
		{5ECD92E1-C5DB-42A4-AD94-880D9305D62F}.Release|Any CPU.ActiveCfg = Release|Any CPU
		{5ECD92E1-C5DB-42A4-AD94-880D9305D62F}.Release|Any CPU.Build.0 = Release|Any CPU
		{0907A737-DAFA-46CE-AFDB-85F52D3DFC77}.Debug|Any CPU.ActiveCfg = Debug|Any CPU
		{0907A737-DAFA-46CE-AFDB-85F52D3DFC77}.Debug|Any CPU.Build.0 = Debug|Any CPU
		{0907A737-DAFA-46CE-AFDB-85F52D3DFC77}.Release|Any CPU.ActiveCfg = Release|Any CPU
		{0907A737-DAFA-46CE-AFDB-85F52D3DFC77}.Release|Any CPU.Build.0 = Release|Any CPU
	EndGlobalSection
	GlobalSection(SolutionProperties) = preSolution
		HideSolutionNode = FALSE
	EndGlobalSection
	GlobalSection(ExtensibilityGlobals) = postSolution
		SolutionGuid = {F9047D2D-5DC7-4F4D-B1B0-72C98CF849E3}
	EndGlobalSection
EndGlobal
