
Microsoft Visual Studio Solution File, Format Version 12.00
# Visual Studio 15
VisualStudioVersion = 15.0.27428.1
MinimumVisualStudioVersion = 10.0.40219.1
Project("{FAE04EC0-301F-11D3-BF4B-00C04F79EFBC}") = "WpfApp1", "WpfApp1\WpfApp1.csproj", "{77791EDE-90C9-4399-98D2-FA3183D3CFE0}"
EndProject
Project("{FAE04EC0-301F-11D3-BF4B-00C04F79EFBC}") = "ClassLibrary1", "ClassLibrary1\ClassLibrary1.csproj", "{5741E2C6-71AD-400B-8ECE-D585AF3ACA48}"
EndProject
Project("{FAE04EC0-301F-11D3-BF4B-00C04F79EFBC}") = "ClassLibrary1Tests1", "ClassLibrary1Tests1\ClassLibrary1Tests1.csproj", "{1640F1D3-FD7D-4A6A-9A55-CE49BE19E7E3}"
EndProject
Global
	GlobalSection(SolutionConfigurationPlatforms) = preSolution
		Debug|Any CPU = Debug|Any CPU
		Release|Any CPU = Release|Any CPU
	EndGlobalSection
	GlobalSection(ProjectConfigurationPlatforms) = postSolution
		{77791EDE-90C9-4399-98D2-FA3183D3CFE0}.Debug|Any CPU.ActiveCfg = Debug|Any CPU
		{77791EDE-90C9-4399-98D2-FA3183D3CFE0}.Debug|Any CPU.Build.0 = Debug|Any CPU
		{77791EDE-90C9-4399-98D2-FA3183D3CFE0}.Release|Any CPU.ActiveCfg = Release|Any CPU
		{77791EDE-90C9-4399-98D2-FA3183D3CFE0}.Release|Any CPU.Build.0 = Release|Any CPU
		{5741E2C6-71AD-400B-8ECE-D585AF3ACA48}.Debug|Any CPU.ActiveCfg = Debug|Any CPU
		{5741E2C6-71AD-400B-8ECE-D585AF3ACA48}.Debug|Any CPU.Build.0 = Debug|Any CPU
		{5741E2C6-71AD-400B-8ECE-D585AF3ACA48}.Release|Any CPU.ActiveCfg = Release|Any CPU
		{5741E2C6-71AD-400B-8ECE-D585AF3ACA48}.Release|Any CPU.Build.0 = Release|Any CPU
		{1640F1D3-FD7D-4A6A-9A55-CE49BE19E7E3}.Debug|Any CPU.ActiveCfg = Debug|Any CPU
		{1640F1D3-FD7D-4A6A-9A55-CE49BE19E7E3}.Debug|Any CPU.Build.0 = Debug|Any CPU
		{1640F1D3-FD7D-4A6A-9A55-CE49BE19E7E3}.Release|Any CPU.ActiveCfg = Release|Any CPU
		{1640F1D3-FD7D-4A6A-9A55-CE49BE19E7E3}.Release|Any CPU.Build.0 = Release|Any CPU
	EndGlobalSection
	GlobalSection(SolutionProperties) = preSolution
		HideSolutionNode = FALSE
	EndGlobalSection
	GlobalSection(ExtensibilityGlobals) = postSolution
		SolutionGuid = {6955423A-583A-4E4D-A368-27B683A315F2}
	EndGlobalSection
EndGlobal
